<?xml version="1.0" encoding="utf-8"?>
<Project ToolsVersion="4.0" xmlns="http://schemas.microsoft.com/developer/msbuild/2003">
  <ItemGroup>
    <Filter Include="BSEngine">
      <UniqueIdentifier>{B0A1C202-9C6E-1D0E-C587-0BB6B1B3529C}</UniqueIdentifier>
    </Filter>
  </ItemGroup>
  <ItemGroup>
    <ClInclude Include="src\BSEngine.h" />
    <ClInclude Include="src\BSEngine\Application.h">
      <Filter>BSEngine</Filter>
    </ClInclude>
    <ClInclude Include="src\BSEngine\EntryPoint.h">
      <Filter>BSEngine</Filter>
    </ClInclude>
    <ClInclude Include="src\BSEngine\core.h">
      <Filter>BSEngine</Filter>
    </ClInclude>
    <ClInclude Include="src\BSEngine\log.h">
      <Filter>BSEngine</Filter>
    </ClInclude>
  </ItemGroup>
  <ItemGroup>
    <ClCompile Include="src\BSEngine\Application.cpp">
      <Filter>BSEngine</Filter>
    </ClCompile>
    <ClCompile Include="src\BSEngine\log.cpp">
      <Filter>BSEngine</Filter>
    </ClCompile>
  </ItemGroup>
</Project>