
Microsoft Visual Studio Solution File, Format Version 12.00
# Visual Studio Version 16
VisualStudioVersion = 16.0.29123.88
MinimumVisualStudioVersion = 10.0.40219.1
Project("{8BC9CEB8-8B4A-11D0-8D11-00A0C91BC942}") = "BSEngine", "BSEngine\BSEngine.vcxproj", "{B7F63DAF-5DEF-45BE-8BCA-A5F2A330DF92}"
EndProject
Project("{8BC9CEB8-8B4A-11D0-8D11-00A0C91BC942}") = "Sandbox", "Sandbox\Sandbox.vcxproj", "{79BA407A-06FA-4DFE-B146-BFA9B38F8247}"
EndProject
Global
	GlobalSection(SolutionConfigurationPlatforms) = preSolution
		Debug|x64 = Debug|x64
		Release|x64 = Release|x64
	EndGlobalSection
	GlobalSection(ProjectConfigurationPlatforms) = postSolution
		{B7F63DAF-5DEF-45BE-8BCA-A5F2A330DF92}.Debug|x64.ActiveCfg = Debug|x64
		{B7F63DAF-5DEF-45BE-8BCA-A5F2A330DF92}.Debug|x64.Build.0 = Debug|x64
		{B7F63DAF-5DEF-45BE-8BCA-A5F2A330DF92}.Release|x64.ActiveCfg = Release|x64
		{B7F63DAF-5DEF-45BE-8BCA-A5F2A330DF92}.Release|x64.Build.0 = Release|x64
		{79BA407A-06FA-4DFE-B146-BFA9B38F8247}.Debug|x64.ActiveCfg = Debug|x64
		{79BA407A-06FA-4DFE-B146-BFA9B38F8247}.Debug|x64.Build.0 = Debug|x64
		{79BA407A-06FA-4DFE-B146-BFA9B38F8247}.Release|x64.ActiveCfg = Release|x64
		{79BA407A-06FA-4DFE-B146-BFA9B38F8247}.Release|x64.Build.0 = Release|x64
	EndGlobalSection
	GlobalSection(SolutionProperties) = preSolution
		HideSolutionNode = FALSE
	EndGlobalSection
	GlobalSection(ExtensibilityGlobals) = postSolution
		SolutionGuid = {29FD8308-680B-4118-9981-3D03BFBF7E2A}
	EndGlobalSection
EndGlobal
